
Microsoft Visual Studio Solution File, Format Version 12.00
# Visual Studio Version 16
VisualStudioVersion = 16.0.30611.23
MinimumVisualStudioVersion = 10.0.40219.1
Project("{9A19103F-16F7-4668-BE54-9A1E7A4F7556}") = "PowerPointGenerator", "PowerPointGenerator\PowerPointGenerator.csproj", "{02300E66-B794-428E-A44A-BAC7E7272D0B}"
EndProject
Global
	GlobalSection(SolutionConfigurationPlatforms) = preSolution
		Debug|Any CPU = Debug|Any CPU
		Release|Any CPU = Release|Any CPU
	EndGlobalSection
	GlobalSection(ProjectConfigurationPlatforms) = postSolution
		{02300E66-B794-428E-A44A-BAC7E7272D0B}.Debug|Any CPU.ActiveCfg = Debug|Any CPU
		{02300E66-B794-428E-A44A-BAC7E7272D0B}.Debug|Any CPU.Build.0 = Debug|Any CPU
		{02300E66-B794-428E-A44A-BAC7E7272D0B}.Release|Any CPU.ActiveCfg = Release|Any CPU
		{02300E66-B794-428E-A44A-BAC7E7272D0B}.Release|Any CPU.Build.0 = Release|Any CPU
	EndGlobalSection
	GlobalSection(SolutionProperties) = preSolution
		HideSolutionNode = FALSE
	EndGlobalSection
	GlobalSection(ExtensibilityGlobals) = postSolution
		SolutionGuid = {78A284B2-7700-4671-9B9E-A1BEEF319D93}
	EndGlobalSection
EndGlobal
